
Microsoft Visual Studio Solution File, Format Version 12.00
# Visual Studio Version 17
VisualStudioVersion = 17.11.35219.272
MinimumVisualStudioVersion = 10.0.40219.1
Project("{FAE04EC0-301F-11D3-BF4B-00C04F79EFBC}") = "Project10__MoleGame", "Project10__MoleGame.csproj", "{E23D7864-5730-4A92-BF06-7C693BD67DD3}"
EndProject
Global
	GlobalSection(SolutionConfigurationPlatforms) = preSolution
		Debug|Any CPU = Debug|Any CPU
		Release|Any CPU = Release|Any CPU
	EndGlobalSection
	GlobalSection(ProjectConfigurationPlatforms) = postSolution
		{E23D7864-5730-4A92-BF06-7C693BD67DD3}.Debug|Any CPU.ActiveCfg = Debug|Any CPU
		{E23D7864-5730-4A92-BF06-7C693BD67DD3}.Debug|Any CPU.Build.0 = Debug|Any CPU
		{E23D7864-5730-4A92-BF06-7C693BD67DD3}.Release|Any CPU.ActiveCfg = Release|Any CPU
		{E23D7864-5730-4A92-BF06-7C693BD67DD3}.Release|Any CPU.Build.0 = Release|Any CPU
	EndGlobalSection
	GlobalSection(SolutionProperties) = preSolution
		HideSolutionNode = FALSE
	EndGlobalSection
	GlobalSection(ExtensibilityGlobals) = postSolution
		SolutionGuid = {716275F1-EEA7-45B1-A2D7-3B6687745E7A}
	EndGlobalSection
EndGlobal
